
Microsoft Visual Studio Solution File, Format Version 12.00
# Visual Studio Version 16
VisualStudioVersion = 16.0.29215.179
MinimumVisualStudioVersion = 10.0.40219.1
Project("{FAE04EC0-301F-11D3-BF4B-00C04F79EFBC}") = "First", "Grigorev_Gleb\First.csproj", "{1960B8ED-A0F2-4295-B10A-48C43F13E6D1}"
EndProject
Project("{FAE04EC0-301F-11D3-BF4B-00C04F79EFBC}") = "Hello", "Hello\Hello.csproj", "{14236265-4E86-4B56-8411-FC88DAB9803B}"
EndProject
Project("{FAE04EC0-301F-11D3-BF4B-00C04F79EFBC}") = "MilesKilometers", "MilesKilometers\MilesKilometers.csproj", "{449CA0D3-5A5A-4171-B4DE-053C308E8B05}"
EndProject
Project("{FAE04EC0-301F-11D3-BF4B-00C04F79EFBC}") = "PressMe(third task)", "PressMe(third task)\PressMe(third task).csproj", "{44B0EFBF-B1BE-4919-8CEE-3B998432D167}"
EndProject
Project("{FAE04EC0-301F-11D3-BF4B-00C04F79EFBC}") = "Task4", "Task4\Task4.csproj", "{F2893545-C0BB-4EE0-A674-C236D2FADD68}"
EndProject
Project("{FAE04EC0-301F-11D3-BF4B-00C04F79EFBC}") = "Bckground_task_Windows_Forms_1", "Bckground_task_Windows_Forms_1\Bckground_task_Windows_Forms_1.csproj", "{5C5FD477-FDAB-4A93-93A8-56F3A5B2D4C6}"
EndProject
Project("{FAE04EC0-301F-11D3-BF4B-00C04F79EFBC}") = "19_05_2020", "19_05_2020\19_05_2020.csproj", "{1D808D0A-598B-473E-8277-10E8975B1B0C}"
EndProject
Project("{FAE04EC0-301F-11D3-BF4B-00C04F79EFBC}") = "Practice16", "Practice16\Practice16.csproj", "{0B80FE86-4883-4639-8752-176922E1A827}"
EndProject
Global
	GlobalSection(SolutionConfigurationPlatforms) = preSolution
		Debug|Any CPU = Debug|Any CPU
		Release|Any CPU = Release|Any CPU
	EndGlobalSection
	GlobalSection(ProjectConfigurationPlatforms) = postSolution
		{1960B8ED-A0F2-4295-B10A-48C43F13E6D1}.Debug|Any CPU.ActiveCfg = Debug|Any CPU
		{1960B8ED-A0F2-4295-B10A-48C43F13E6D1}.Debug|Any CPU.Build.0 = Debug|Any CPU
		{1960B8ED-A0F2-4295-B10A-48C43F13E6D1}.Release|Any CPU.ActiveCfg = Release|Any CPU
		{1960B8ED-A0F2-4295-B10A-48C43F13E6D1}.Release|Any CPU.Build.0 = Release|Any CPU
		{14236265-4E86-4B56-8411-FC88DAB9803B}.Debug|Any CPU.ActiveCfg = Debug|Any CPU
		{14236265-4E86-4B56-8411-FC88DAB9803B}.Debug|Any CPU.Build.0 = Debug|Any CPU
		{14236265-4E86-4B56-8411-FC88DAB9803B}.Release|Any CPU.ActiveCfg = Release|Any CPU
		{14236265-4E86-4B56-8411-FC88DAB9803B}.Release|Any CPU.Build.0 = Release|Any CPU
		{449CA0D3-5A5A-4171-B4DE-053C308E8B05}.Debug|Any CPU.ActiveCfg = Debug|Any CPU
		{449CA0D3-5A5A-4171-B4DE-053C308E8B05}.Debug|Any CPU.Build.0 = Debug|Any CPU
		{449CA0D3-5A5A-4171-B4DE-053C308E8B05}.Release|Any CPU.ActiveCfg = Release|Any CPU
		{449CA0D3-5A5A-4171-B4DE-053C308E8B05}.Release|Any CPU.Build.0 = Release|Any CPU
		{44B0EFBF-B1BE-4919-8CEE-3B998432D167}.Debug|Any CPU.ActiveCfg = Debug|Any CPU
		{44B0EFBF-B1BE-4919-8CEE-3B998432D167}.Debug|Any CPU.Build.0 = Debug|Any CPU
		{44B0EFBF-B1BE-4919-8CEE-3B998432D167}.Release|Any CPU.ActiveCfg = Release|Any CPU
		{44B0EFBF-B1BE-4919-8CEE-3B998432D167}.Release|Any CPU.Build.0 = Release|Any CPU
		{F2893545-C0BB-4EE0-A674-C236D2FADD68}.Debug|Any CPU.ActiveCfg = Debug|Any CPU
		{F2893545-C0BB-4EE0-A674-C236D2FADD68}.Debug|Any CPU.Build.0 = Debug|Any CPU
		{F2893545-C0BB-4EE0-A674-C236D2FADD68}.Release|Any CPU.ActiveCfg = Release|Any CPU
		{F2893545-C0BB-4EE0-A674-C236D2FADD68}.Release|Any CPU.Build.0 = Release|Any CPU
		{5C5FD477-FDAB-4A93-93A8-56F3A5B2D4C6}.Debug|Any CPU.ActiveCfg = Debug|Any CPU
		{5C5FD477-FDAB-4A93-93A8-56F3A5B2D4C6}.Debug|Any CPU.Build.0 = Debug|Any CPU
		{5C5FD477-FDAB-4A93-93A8-56F3A5B2D4C6}.Release|Any CPU.ActiveCfg = Release|Any CPU
		{5C5FD477-FDAB-4A93-93A8-56F3A5B2D4C6}.Release|Any CPU.Build.0 = Release|Any CPU
		{1D808D0A-598B-473E-8277-10E8975B1B0C}.Debug|Any CPU.ActiveCfg = Debug|Any CPU
		{1D808D0A-598B-473E-8277-10E8975B1B0C}.Debug|Any CPU.Build.0 = Debug|Any CPU
		{1D808D0A-598B-473E-8277-10E8975B1B0C}.Release|Any CPU.ActiveCfg = Release|Any CPU
		{1D808D0A-598B-473E-8277-10E8975B1B0C}.Release|Any CPU.Build.0 = Release|Any CPU
		{0B80FE86-4883-4639-8752-176922E1A827}.Debug|Any CPU.ActiveCfg = Debug|Any CPU
		{0B80FE86-4883-4639-8752-176922E1A827}.Debug|Any CPU.Build.0 = Debug|Any CPU
		{0B80FE86-4883-4639-8752-176922E1A827}.Release|Any CPU.ActiveCfg = Release|Any CPU
		{0B80FE86-4883-4639-8752-176922E1A827}.Release|Any CPU.Build.0 = Release|Any CPU
	EndGlobalSection
	GlobalSection(SolutionProperties) = preSolution
		HideSolutionNode = FALSE
	EndGlobalSection
	GlobalSection(ExtensibilityGlobals) = postSolution
		SolutionGuid = {ED69A330-DE98-4653-B259-25709AC1FE89}
	EndGlobalSection
EndGlobal
